<Solution>
  <Project Path="Assembly-CSharp-Editor.csproj" />
  <Project Path="Unity.ProBuilder.Csg.csproj" />
  <Project Path="Assembly-CSharp.csproj" />
  <Project Path="PolySpatial.Samples.csproj" />
  <Project Path="Unity.VisionOS.Sample.URP.csproj" />
  <Project Path="LevelHub.Editor.csproj" />
  <Project Path="Unity.XR.Hands.Samples.VisualizerSample.csproj" />
  <Project Path="Parabox.CSG.Demo.csproj" />
</Solution>
